
Microsoft Visual Studio Solution File, Format Version 12.00
# Visual Studio Version 17
VisualStudioVersion = 17.5.001.0
MinimumVisualStudioVersion = 10.0.40219.1
<<<<<<< HEAD
Project("{9A19103F-16F7-4668-BE54-9A1E7A4F7556}") = "RotaLimpa.Api", "RotaLimpa.Api.csproj", "{13C58390-C213-474E-9758-0D30C78A52FE}"
=======
Project("{9A19103F-16F7-4668-BE54-9A1E7A4F7556}") = "RotaLimpa.Api", "RotaLimpa.Api.csproj", "{5B98BE06-94C0-47D3-9BD9-9356CADB3F36}"
>>>>>>> origin/Rafael
EndProject
Global
	GlobalSection(SolutionConfigurationPlatforms) = preSolution
		Debug|Any CPU = Debug|Any CPU
		Release|Any CPU = Release|Any CPU
	EndGlobalSection
	GlobalSection(ProjectConfigurationPlatforms) = postSolution
<<<<<<< HEAD
		{13C58390-C213-474E-9758-0D30C78A52FE}.Debug|Any CPU.ActiveCfg = Debug|Any CPU
		{13C58390-C213-474E-9758-0D30C78A52FE}.Debug|Any CPU.Build.0 = Debug|Any CPU
		{13C58390-C213-474E-9758-0D30C78A52FE}.Release|Any CPU.ActiveCfg = Release|Any CPU
		{13C58390-C213-474E-9758-0D30C78A52FE}.Release|Any CPU.Build.0 = Release|Any CPU
=======
		{5B98BE06-94C0-47D3-9BD9-9356CADB3F36}.Debug|Any CPU.ActiveCfg = Debug|Any CPU
		{5B98BE06-94C0-47D3-9BD9-9356CADB3F36}.Debug|Any CPU.Build.0 = Debug|Any CPU
		{5B98BE06-94C0-47D3-9BD9-9356CADB3F36}.Release|Any CPU.ActiveCfg = Release|Any CPU
		{5B98BE06-94C0-47D3-9BD9-9356CADB3F36}.Release|Any CPU.Build.0 = Release|Any CPU
>>>>>>> origin/Rafael
	EndGlobalSection
	GlobalSection(SolutionProperties) = preSolution
		HideSolutionNode = FALSE
	EndGlobalSection
	GlobalSection(ExtensibilityGlobals) = postSolution
<<<<<<< HEAD
		SolutionGuid = {2014DC21-5448-4757-B3DE-476950688B61}
=======
		SolutionGuid = {DEAE89B0-5561-4CBF-B599-ABADC2857FEA}
>>>>>>> origin/Rafael
	EndGlobalSection
EndGlobal
