
Microsoft Visual Studio Solution File, Format Version 12.00
# Visual Studio Version 17
VisualStudioVersion = 17.5.001.0
MinimumVisualStudioVersion = 10.0.40219.1
Project("{9A19103F-16F7-4668-BE54-9A1E7A4F7556}") = "RotaLimpa.Api", "RotaLimpa.Api.csproj", "{C9C41587-3B03-4C42-AB7B-5510632064BE}"
EndProject
Project("{FAE04EC0-301F-11D3-BF4B-00C04F79EFBC}") = "RuasTeste", "..\RuasTeste\RuasTeste.csproj", "{A263AB96-AFF1-41DE-8074-256C4CCDA102}"
EndProject
Global
	GlobalSection(SolutionConfigurationPlatforms) = preSolution
		Debug|Any CPU = Debug|Any CPU
		Release|Any CPU = Release|Any CPU
	EndGlobalSection
	GlobalSection(ProjectConfigurationPlatforms) = postSolution
		{C9C41587-3B03-4C42-AB7B-5510632064BE}.Debug|Any CPU.ActiveCfg = Debug|Any CPU
		{C9C41587-3B03-4C42-AB7B-5510632064BE}.Debug|Any CPU.Build.0 = Debug|Any CPU
		{C9C41587-3B03-4C42-AB7B-5510632064BE}.Release|Any CPU.ActiveCfg = Release|Any CPU
		{C9C41587-3B03-4C42-AB7B-5510632064BE}.Release|Any CPU.Build.0 = Release|Any CPU
		{A263AB96-AFF1-41DE-8074-256C4CCDA102}.Debug|Any CPU.ActiveCfg = Debug|Any CPU
		{A263AB96-AFF1-41DE-8074-256C4CCDA102}.Debug|Any CPU.Build.0 = Debug|Any CPU
		{A263AB96-AFF1-41DE-8074-256C4CCDA102}.Release|Any CPU.ActiveCfg = Release|Any CPU
		{A263AB96-AFF1-41DE-8074-256C4CCDA102}.Release|Any CPU.Build.0 = Release|Any CPU
	EndGlobalSection
	GlobalSection(SolutionProperties) = preSolution
		HideSolutionNode = FALSE
	EndGlobalSection
	GlobalSection(ExtensibilityGlobals) = postSolution
		SolutionGuid = {9A98F4EB-C260-4755-9132-F617A5E5703E}
	EndGlobalSection
EndGlobal
