
Microsoft Visual Studio Solution File, Format Version 12.00
# Visual Studio Version 17
VisualStudioVersion = 17.5.001.0
MinimumVisualStudioVersion = 10.0.40219.1
Project("{9A19103F-16F7-4668-BE54-9A1E7A4F7556}") = "RotaLimpa.Api", "RotaLimpa.Api.csproj", "{B845E7BD-F881-47E7-A566-1926DDED1BC3}"
EndProject
Global
	GlobalSection(SolutionConfigurationPlatforms) = preSolution
		Debug|Any CPU = Debug|Any CPU
		Release|Any CPU = Release|Any CPU
	EndGlobalSection
	GlobalSection(ProjectConfigurationPlatforms) = postSolution
		{B845E7BD-F881-47E7-A566-1926DDED1BC3}.Debug|Any CPU.ActiveCfg = Debug|Any CPU
		{B845E7BD-F881-47E7-A566-1926DDED1BC3}.Debug|Any CPU.Build.0 = Debug|Any CPU
		{B845E7BD-F881-47E7-A566-1926DDED1BC3}.Release|Any CPU.ActiveCfg = Release|Any CPU
		{B845E7BD-F881-47E7-A566-1926DDED1BC3}.Release|Any CPU.Build.0 = Release|Any CPU
	EndGlobalSection
	GlobalSection(SolutionProperties) = preSolution
		HideSolutionNode = FALSE
	EndGlobalSection
	GlobalSection(ExtensibilityGlobals) = postSolution
		SolutionGuid = {E0A0FA68-AA58-4398-A721-E714C75A2BFB}
	EndGlobalSection
EndGlobal
